
Microsoft Visual Studio Solution File, Format Version 12.00
# Visual Studio Version 17
VisualStudioVersion = 17.14.37012.4 d17.14
MinimumVisualStudioVersion = 10.0.40219.1
Project("{FAE04EC0-301F-11D3-BF4B-00C04F79EFBC}") = "ABDM", "ABDM.csproj", "{273AA584-0AF8-4A89-A7DB-3B709ACA2C43}"
EndProject
Global
	GlobalSection(SolutionConfigurationPlatforms) = preSolution
		Debug|Any CPU = Debug|Any CPU
		Release|Any CPU = Release|Any CPU
	EndGlobalSection
	GlobalSection(ProjectConfigurationPlatforms) = postSolution
		{273AA584-0AF8-4A89-A7DB-3B709ACA2C43}.Debug|Any CPU.ActiveCfg = Debug|Any CPU
		{273AA584-0AF8-4A89-A7DB-3B709ACA2C43}.Debug|Any CPU.Build.0 = Debug|Any CPU
		{273AA584-0AF8-4A89-A7DB-3B709ACA2C43}.Release|Any CPU.ActiveCfg = Release|Any CPU
		{273AA584-0AF8-4A89-A7DB-3B709ACA2C43}.Release|Any CPU.Build.0 = Release|Any CPU
	EndGlobalSection
	GlobalSection(SolutionProperties) = preSolution
		HideSolutionNode = FALSE
	EndGlobalSection
	GlobalSection(ExtensibilityGlobals) = postSolution
		SolutionGuid = {616086C0-2196-4EBB-A440-307694D8058A}
	EndGlobalSection
EndGlobal
